
Microsoft Visual Studio Solution File, Format Version 12.00
Project("{2150E333-8FDC-42A3-9474-1A3956D46DE8}") = "src", "src", "{FB7FE029-8AF4-404A-9EDD-28E227A923C0}"
EndProject
Project("{2150E333-8FDC-42A3-9474-1A3956D46DE8}") = "BuildingBlocks", "BuildingBlocks", "{B108AEBB-219A-4992-ADC9-7EEB54027072}"
	ProjectSection(SolutionItems) = preProject
		src\BuildingBlocks\Readme.md = src\BuildingBlocks\Readme.md
	EndProjectSection
EndProject
Project("{FAE04EC0-301F-11D3-BF4B-00C04F79EFBC}") = "EventBus.Base", "src\BuildingBlocks\EventBus.Base\EventBus.Base.csproj", "{63F32E5E-CD5B-4D7F-B922-49ADE8699DF7}"
EndProject
Project("{FAE04EC0-301F-11D3-BF4B-00C04F79EFBC}") = "EventBus.Factory", "src\BuildingBlocks\EventBus.Factory\EventBus.Factory.csproj", "{0604061C-4189-4F25-8BBB-EE09A225560F}"
EndProject
Project("{FAE04EC0-301F-11D3-BF4B-00C04F79EFBC}") = "EventBus.RabbitMQ", "src\BuildingBlocks\EventBus.RabbitMQ\EventBus.RabbitMQ.csproj", "{8E7A5481-7624-44BE-AEC7-65F63320C55A}"
EndProject
Project("{2150E333-8FDC-42A3-9474-1A3956D46DE8}") = "test", "test", "{222DB355-3E36-43C9-8217-0E79FF3C2F68}"
EndProject
Project("{2150E333-8FDC-42A3-9474-1A3956D46DE8}") = "EventBus.Test", "EventBus.Test", "{72F31421-EAB9-4CDD-9424-23C27BC700C9}"
EndProject
Project("{FAE04EC0-301F-11D3-BF4B-00C04F79EFBC}") = "EventBus.Tests", "test\EventBus.test\EventBus.Tests\EventBus.Tests.csproj", "{E3BFBF82-41B7-49BB-9D20-1EAFAA75E0FE}"
EndProject
Project("{2150E333-8FDC-42A3-9474-1A3956D46DE8}") = "ApiGateways", "ApiGateways", "{E2070D28-660E-46C2-AEEC-76D5AC2FABEB}"
EndProject
Project("{2150E333-8FDC-42A3-9474-1A3956D46DE8}") = "Services", "Services", "{AE255934-9A07-4D61-B03E-2EC3B1D8EA87}"
EndProject
Project("{2150E333-8FDC-42A3-9474-1A3956D46DE8}") = "IdendityService", "IdendityService", "{2024080A-D0DF-4E6D-98FB-F5D8CFAD8501}"
EndProject
Project("{FAE04EC0-301F-11D3-BF4B-00C04F79EFBC}") = "IdentityService.Api", "src\Services\IdentityService\IdentityService.Api\IdentityService.Api.csproj", "{E9C28AC0-698B-4871-AB81-0F303FCA7F1B}"
EndProject
Project("{FAE04EC0-301F-11D3-BF4B-00C04F79EFBC}") = "IdentityService.Domain", "src\Services\IdentityService\IdentityService.Domain\IdentityService.Domain.csproj", "{C4293EE5-D63C-4DCF-860D-95C3CE4F1BC2}"
EndProject
Project("{FAE04EC0-301F-11D3-BF4B-00C04F79EFBC}") = "IdentityService.Application", "src\Services\IdentityService\IdentityService.Application\IdentityService.Application.csproj", "{9D45E0A3-CB47-4E97-A338-D3118178A714}"
EndProject
Project("{FAE04EC0-301F-11D3-BF4B-00C04F79EFBC}") = "IdentityService.Infrastructure", "src\Services\IdentityService\IdentityService.Infrastructure\IdentityService.Infrastructure.csproj", "{05B134B4-4629-4341-9D18-FECCE0F884F0}"
EndProject
Project("{2150E333-8FDC-42A3-9474-1A3956D46DE8}") = "Shared", "Shared", "{3A6B8E42-F3E8-460D-9FD8-49DF34F699E8}"
EndProject
Project("{FAE04EC0-301F-11D3-BF4B-00C04F79EFBC}") = "Shared.DataAccess", "src\Shared\Shared.DataAccess\Shared.DataAccess.csproj", "{4FE66605-96B4-4E63-AC3D-BB815F237551}"
EndProject
Project("{FAE04EC0-301F-11D3-BF4B-00C04F79EFBC}") = "EmailSender.Service", "src\Services\EmailSender.Service\EmailSender.Service.csproj", "{E055B9A6-DBF8-4A58-A3B9-B91C0572BB47}"
EndProject
Project("{2150E333-8FDC-42A3-9474-1A3956D46DE8}") = "Services.Test", "Services.Test", "{AEB824C2-3818-47D7-9AB9-10F85FF4FFB4}"
EndProject
Project("{FAE04EC0-301F-11D3-BF4B-00C04F79EFBC}") = "ApiGateway.Web", "src\ApiGateways\ApiGateway.Web\ApiGateway.Web.csproj", "{CCAC32A1-9B0E-4FFD-80AE-2837868039F8}"
EndProject
Project("{2150E333-8FDC-42A3-9474-1A3956D46DE8}") = "UserPortfolioService", "UserPortfolioService", "{ECB41524-F42E-43F7-B45B-7E4C038F8169}"
EndProject
Project("{FAE04EC0-301F-11D3-BF4B-00C04F79EFBC}") = "UserPortfolioService.Application", "src\Services\UserPortfolioService\UserPortfolioService.Application\UserPortfolioService.Application.csproj", "{D536AFBE-6CCD-4480-9C34-DC73C6182406}"
EndProject
Project("{FAE04EC0-301F-11D3-BF4B-00C04F79EFBC}") = "UserPortfolioService.Domain", "src\Services\UserPortfolioService\UserPortfolioService.Domain\UserPortfolioService.Domain.csproj", "{90F09957-9100-42E8-8537-B5A8780ECAC1}"
EndProject
Project("{FAE04EC0-301F-11D3-BF4B-00C04F79EFBC}") = "UserPortfolioService.Infrastructure", "src\Services\UserPortfolioService\UserPortfolioService.Infrastructure\UserPortfolioService.Infrastructure.csproj", "{AE8CF594-E03C-4B16-BC0E-FC4EF5499F29}"
EndProject
Project("{FAE04EC0-301F-11D3-BF4B-00C04F79EFBC}") = "UserPortfolioService.Api", "src\Services\UserPortfolioService\UserPortfolioService.Api\UserPortfolioService.Api.csproj", "{E3838EDD-3AE4-40AE-B7E6-B7918DF76010}"
EndProject
Global
	GlobalSection(SolutionConfigurationPlatforms) = preSolution
		Debug|Any CPU = Debug|Any CPU
		Release|Any CPU = Release|Any CPU
	EndGlobalSection
	GlobalSection(NestedProjects) = preSolution
		{B108AEBB-219A-4992-ADC9-7EEB54027072} = {FB7FE029-8AF4-404A-9EDD-28E227A923C0}
		{63F32E5E-CD5B-4D7F-B922-49ADE8699DF7} = {B108AEBB-219A-4992-ADC9-7EEB54027072}
		{0604061C-4189-4F25-8BBB-EE09A225560F} = {B108AEBB-219A-4992-ADC9-7EEB54027072}
		{8E7A5481-7624-44BE-AEC7-65F63320C55A} = {B108AEBB-219A-4992-ADC9-7EEB54027072}
		{72F31421-EAB9-4CDD-9424-23C27BC700C9} = {222DB355-3E36-43C9-8217-0E79FF3C2F68}
		{E3BFBF82-41B7-49BB-9D20-1EAFAA75E0FE} = {72F31421-EAB9-4CDD-9424-23C27BC700C9}
		{E2070D28-660E-46C2-AEEC-76D5AC2FABEB} = {FB7FE029-8AF4-404A-9EDD-28E227A923C0}
		{AE255934-9A07-4D61-B03E-2EC3B1D8EA87} = {FB7FE029-8AF4-404A-9EDD-28E227A923C0}
		{2024080A-D0DF-4E6D-98FB-F5D8CFAD8501} = {AE255934-9A07-4D61-B03E-2EC3B1D8EA87}
		{E9C28AC0-698B-4871-AB81-0F303FCA7F1B} = {2024080A-D0DF-4E6D-98FB-F5D8CFAD8501}
		{C4293EE5-D63C-4DCF-860D-95C3CE4F1BC2} = {2024080A-D0DF-4E6D-98FB-F5D8CFAD8501}
		{9D45E0A3-CB47-4E97-A338-D3118178A714} = {2024080A-D0DF-4E6D-98FB-F5D8CFAD8501}
		{05B134B4-4629-4341-9D18-FECCE0F884F0} = {2024080A-D0DF-4E6D-98FB-F5D8CFAD8501}
		{3A6B8E42-F3E8-460D-9FD8-49DF34F699E8} = {FB7FE029-8AF4-404A-9EDD-28E227A923C0}
		{4FE66605-96B4-4E63-AC3D-BB815F237551} = {3A6B8E42-F3E8-460D-9FD8-49DF34F699E8}
		{E055B9A6-DBF8-4A58-A3B9-B91C0572BB47} = {AE255934-9A07-4D61-B03E-2EC3B1D8EA87}
		{AEB824C2-3818-47D7-9AB9-10F85FF4FFB4} = {222DB355-3E36-43C9-8217-0E79FF3C2F68}
		{CCAC32A1-9B0E-4FFD-80AE-2837868039F8} = {E2070D28-660E-46C2-AEEC-76D5AC2FABEB}
		{ECB41524-F42E-43F7-B45B-7E4C038F8169} = {AE255934-9A07-4D61-B03E-2EC3B1D8EA87}
		{D536AFBE-6CCD-4480-9C34-DC73C6182406} = {ECB41524-F42E-43F7-B45B-7E4C038F8169}
		{90F09957-9100-42E8-8537-B5A8780ECAC1} = {ECB41524-F42E-43F7-B45B-7E4C038F8169}
		{AE8CF594-E03C-4B16-BC0E-FC4EF5499F29} = {ECB41524-F42E-43F7-B45B-7E4C038F8169}
		{E3838EDD-3AE4-40AE-B7E6-B7918DF76010} = {ECB41524-F42E-43F7-B45B-7E4C038F8169}
	EndGlobalSection
	GlobalSection(ProjectConfigurationPlatforms) = postSolution
		{63F32E5E-CD5B-4D7F-B922-49ADE8699DF7}.Debug|Any CPU.ActiveCfg = Debug|Any CPU
		{63F32E5E-CD5B-4D7F-B922-49ADE8699DF7}.Debug|Any CPU.Build.0 = Debug|Any CPU
		{63F32E5E-CD5B-4D7F-B922-49ADE8699DF7}.Release|Any CPU.ActiveCfg = Release|Any CPU
		{63F32E5E-CD5B-4D7F-B922-49ADE8699DF7}.Release|Any CPU.Build.0 = Release|Any CPU
		{0604061C-4189-4F25-8BBB-EE09A225560F}.Debug|Any CPU.ActiveCfg = Debug|Any CPU
		{0604061C-4189-4F25-8BBB-EE09A225560F}.Debug|Any CPU.Build.0 = Debug|Any CPU
		{0604061C-4189-4F25-8BBB-EE09A225560F}.Release|Any CPU.ActiveCfg = Release|Any CPU
		{0604061C-4189-4F25-8BBB-EE09A225560F}.Release|Any CPU.Build.0 = Release|Any CPU
		{8E7A5481-7624-44BE-AEC7-65F63320C55A}.Debug|Any CPU.ActiveCfg = Debug|Any CPU
		{8E7A5481-7624-44BE-AEC7-65F63320C55A}.Debug|Any CPU.Build.0 = Debug|Any CPU
		{8E7A5481-7624-44BE-AEC7-65F63320C55A}.Release|Any CPU.ActiveCfg = Release|Any CPU
		{8E7A5481-7624-44BE-AEC7-65F63320C55A}.Release|Any CPU.Build.0 = Release|Any CPU
		{E3BFBF82-41B7-49BB-9D20-1EAFAA75E0FE}.Debug|Any CPU.ActiveCfg = Debug|Any CPU
		{E3BFBF82-41B7-49BB-9D20-1EAFAA75E0FE}.Debug|Any CPU.Build.0 = Debug|Any CPU
		{E3BFBF82-41B7-49BB-9D20-1EAFAA75E0FE}.Release|Any CPU.ActiveCfg = Release|Any CPU
		{E3BFBF82-41B7-49BB-9D20-1EAFAA75E0FE}.Release|Any CPU.Build.0 = Release|Any CPU
		{E9C28AC0-698B-4871-AB81-0F303FCA7F1B}.Debug|Any CPU.ActiveCfg = Debug|Any CPU
		{E9C28AC0-698B-4871-AB81-0F303FCA7F1B}.Debug|Any CPU.Build.0 = Debug|Any CPU
		{E9C28AC0-698B-4871-AB81-0F303FCA7F1B}.Release|Any CPU.ActiveCfg = Release|Any CPU
		{E9C28AC0-698B-4871-AB81-0F303FCA7F1B}.Release|Any CPU.Build.0 = Release|Any CPU
		{C4293EE5-D63C-4DCF-860D-95C3CE4F1BC2}.Debug|Any CPU.ActiveCfg = Debug|Any CPU
		{C4293EE5-D63C-4DCF-860D-95C3CE4F1BC2}.Debug|Any CPU.Build.0 = Debug|Any CPU
		{C4293EE5-D63C-4DCF-860D-95C3CE4F1BC2}.Release|Any CPU.ActiveCfg = Release|Any CPU
		{C4293EE5-D63C-4DCF-860D-95C3CE4F1BC2}.Release|Any CPU.Build.0 = Release|Any CPU
		{9D45E0A3-CB47-4E97-A338-D3118178A714}.Debug|Any CPU.ActiveCfg = Debug|Any CPU
		{9D45E0A3-CB47-4E97-A338-D3118178A714}.Debug|Any CPU.Build.0 = Debug|Any CPU
		{9D45E0A3-CB47-4E97-A338-D3118178A714}.Release|Any CPU.ActiveCfg = Release|Any CPU
		{9D45E0A3-CB47-4E97-A338-D3118178A714}.Release|Any CPU.Build.0 = Release|Any CPU
		{05B134B4-4629-4341-9D18-FECCE0F884F0}.Debug|Any CPU.ActiveCfg = Debug|Any CPU
		{05B134B4-4629-4341-9D18-FECCE0F884F0}.Debug|Any CPU.Build.0 = Debug|Any CPU
		{05B134B4-4629-4341-9D18-FECCE0F884F0}.Release|Any CPU.ActiveCfg = Release|Any CPU
		{05B134B4-4629-4341-9D18-FECCE0F884F0}.Release|Any CPU.Build.0 = Release|Any CPU
		{4FE66605-96B4-4E63-AC3D-BB815F237551}.Debug|Any CPU.ActiveCfg = Debug|Any CPU
		{4FE66605-96B4-4E63-AC3D-BB815F237551}.Debug|Any CPU.Build.0 = Debug|Any CPU
		{4FE66605-96B4-4E63-AC3D-BB815F237551}.Release|Any CPU.ActiveCfg = Release|Any CPU
		{4FE66605-96B4-4E63-AC3D-BB815F237551}.Release|Any CPU.Build.0 = Release|Any CPU
		{E055B9A6-DBF8-4A58-A3B9-B91C0572BB47}.Debug|Any CPU.ActiveCfg = Debug|Any CPU
		{E055B9A6-DBF8-4A58-A3B9-B91C0572BB47}.Debug|Any CPU.Build.0 = Debug|Any CPU
		{E055B9A6-DBF8-4A58-A3B9-B91C0572BB47}.Release|Any CPU.ActiveCfg = Release|Any CPU
		{E055B9A6-DBF8-4A58-A3B9-B91C0572BB47}.Release|Any CPU.Build.0 = Release|Any CPU
		{CCAC32A1-9B0E-4FFD-80AE-2837868039F8}.Debug|Any CPU.ActiveCfg = Debug|Any CPU
		{CCAC32A1-9B0E-4FFD-80AE-2837868039F8}.Debug|Any CPU.Build.0 = Debug|Any CPU
		{CCAC32A1-9B0E-4FFD-80AE-2837868039F8}.Release|Any CPU.ActiveCfg = Release|Any CPU
		{CCAC32A1-9B0E-4FFD-80AE-2837868039F8}.Release|Any CPU.Build.0 = Release|Any CPU
		{D536AFBE-6CCD-4480-9C34-DC73C6182406}.Debug|Any CPU.ActiveCfg = Debug|Any CPU
		{D536AFBE-6CCD-4480-9C34-DC73C6182406}.Debug|Any CPU.Build.0 = Debug|Any CPU
		{D536AFBE-6CCD-4480-9C34-DC73C6182406}.Release|Any CPU.ActiveCfg = Release|Any CPU
		{D536AFBE-6CCD-4480-9C34-DC73C6182406}.Release|Any CPU.Build.0 = Release|Any CPU
		{90F09957-9100-42E8-8537-B5A8780ECAC1}.Debug|Any CPU.ActiveCfg = Debug|Any CPU
		{90F09957-9100-42E8-8537-B5A8780ECAC1}.Debug|Any CPU.Build.0 = Debug|Any CPU
		{90F09957-9100-42E8-8537-B5A8780ECAC1}.Release|Any CPU.ActiveCfg = Release|Any CPU
		{90F09957-9100-42E8-8537-B5A8780ECAC1}.Release|Any CPU.Build.0 = Release|Any CPU
		{AE8CF594-E03C-4B16-BC0E-FC4EF5499F29}.Debug|Any CPU.ActiveCfg = Debug|Any CPU
		{AE8CF594-E03C-4B16-BC0E-FC4EF5499F29}.Debug|Any CPU.Build.0 = Debug|Any CPU
		{AE8CF594-E03C-4B16-BC0E-FC4EF5499F29}.Release|Any CPU.ActiveCfg = Release|Any CPU
		{AE8CF594-E03C-4B16-BC0E-FC4EF5499F29}.Release|Any CPU.Build.0 = Release|Any CPU
		{E3838EDD-3AE4-40AE-B7E6-B7918DF76010}.Debug|Any CPU.ActiveCfg = Debug|Any CPU
		{E3838EDD-3AE4-40AE-B7E6-B7918DF76010}.Debug|Any CPU.Build.0 = Debug|Any CPU
		{E3838EDD-3AE4-40AE-B7E6-B7918DF76010}.Release|Any CPU.ActiveCfg = Release|Any CPU
		{E3838EDD-3AE4-40AE-B7E6-B7918DF76010}.Release|Any CPU.Build.0 = Release|Any CPU
	EndGlobalSection
EndGlobal
